Microsoft Visual Studio Solution File, Format Version 12.00
# Visual Studio Version 17
VisualStudioVersion = 17.5.2.0
MinimumVisualStudioVersion = 10.0.40219.1
Project("{FAE04EC0-301F-11D3-BF4B-00C04F79EFBC}") = "HolidayInfoAPI", "HolidayInfoAPI\HolidayInfoAPI.csproj", "{0E6CE729-0548-CD3A-1679-6382A5E483AF}"
EndProject
Project("{FAE04EC0-301F-11D3-BF4B-00C04F79EFBC}") = "HolidayInfoFunction", "HolidayInfoFunction\HolidayInfoFunction.csproj", "{C5D5EABA-88FD-5523-CD1F-4E55C28EAE02}"
EndProject
Global
	GlobalSection(SolutionConfigurationPlatforms) = preSolution
		Debug|Any CPU = Debug|Any CPU
		Release|Any CPU = Release|Any CPU
	EndGlobalSection
	GlobalSection(ProjectConfigurationPlatforms) = postSolution
		{0E6CE729-0548-CD3A-1679-6382A5E483AF}.Debug|Any CPU.ActiveCfg = Debug|Any CPU
		{0E6CE729-0548-CD3A-1679-6382A5E483AF}.Debug|Any CPU.Build.0 = Debug|Any CPU
		{0E6CE729-0548-CD3A-1679-6382A5E483AF}.Release|Any CPU.ActiveCfg = Release|Any CPU
		{0E6CE729-0548-CD3A-1679-6382A5E483AF}.Release|Any CPU.Build.0 = Release|Any CPU
		{C5D5EABA-88FD-5523-CD1F-4E55C28EAE02}.Debug|Any CPU.ActiveCfg = Debug|Any CPU
		{C5D5EABA-88FD-5523-CD1F-4E55C28EAE02}.Debug|Any CPU.Build.0 = Debug|Any CPU
		{C5D5EABA-88FD-5523-CD1F-4E55C28EAE02}.Release|Any CPU.ActiveCfg = Release|Any CPU
		{C5D5EABA-88FD-5523-CD1F-4E55C28EAE02}.Release|Any CPU.Build.0 = Release|Any CPU
	EndGlobalSection
	GlobalSection(SolutionProperties) = preSolution
		HideSolutionNode = FALSE
	EndGlobalSection
	GlobalSection(ExtensibilityGlobals) = postSolution
		SolutionGuid = {22F4FFAE-E0FB-4C31-BC06-DBE0F209B53A}
	EndGlobalSection
EndGlobal
